lockVersion: 2.0.0
id: b66b7a6c-9758-4aea-950e-ab854bfa8451
management:
  docChecksum: 2db157ddb12d3123bb9aebbcacea1200
  docVersion: 0.2.4
  speakeasyVersion: 1.634.2
  generationVersion: 2.721.3
  releaseVersion: 0.2.4
  configChecksum: 5495289c81445adf4356a953bddb0d36
  repoURL: https://github.com/OWASP/nest-sdk-python.git
  installationURL: https://github.com/OWASP/nest-sdk-python.git
  published: true
features:
  python:
    additionalDependencies: 1.0.0
    constsAndDefaults: 1.0.5
    core: 5.22.1
    defaultEnabledRetries: 0.2.0
    enumUnions: 0.1.0
    envVarSecurityUsage: 0.3.2
    flattening: 3.1.1
    globalSecurity: 3.0.4
    globalSecurityCallbacks: 1.0.0
    globalSecurityFlattening: 1.0.0
    globalServerURLs: 3.1.1
    methodArguments: 1.0.2
    nullables: 1.0.1
    responseFormat: 1.0.1
    retries: 3.0.2
    sdkHooks: 1.1.0
generatedFiles:
  - .gitattributes
  - .vscode/settings.json
  - USAGE.md
  - docs/models/chapter.md
  - docs/models/chapterdetail.md
  - docs/models/chaptererror.md
  - docs/models/committee.md
  - docs/models/committeedetail.md
  - docs/models/committeeerror.md
  - docs/models/event.md
  - docs/models/eventdetail.md
  - docs/models/eventerror.md
  - docs/models/getchapterrequest.md
  - docs/models/getcommitteerequest.md
  - docs/models/geteventrequest.md
  - docs/models/getissuerequest.md
  - docs/models/getmemberrequest.md
  - docs/models/getorganizationrequest.md
  - docs/models/getprojectrequest.md
  - docs/models/getreleaserequest.md
  - docs/models/getrepositoryrequest.md
  - docs/models/getsponsorrequest.md
  - docs/models/issue.md
  - docs/models/issuedetail.md
  - docs/models/issueerror.md
  - docs/models/listchaptersordering.md
  - docs/models/listchaptersrequest.md
  - docs/models/listcommitteesordering.md
  - docs/models/listcommitteesrequest.md
  - docs/models/listeventsordering.md
  - docs/models/listeventsrequest.md
  - docs/models/listissuesordering.md
  - docs/models/listissuesrequest.md
  - docs/models/listmembersordering.md
  - docs/models/listmembersrequest.md
  - docs/models/listorganizationsordering.md
  - docs/models/listorganizationsrequest.md
  - docs/models/listprojectsordering.md
  - docs/models/listprojectsrequest.md
  - docs/models/listreleasesordering.md
  - docs/models/listreleasesrequest.md
  - docs/models/listrepositoriesordering.md
  - docs/models/listrepositoriesrequest.md
  - docs/models/listsponsorsordering.md
  - docs/models/listsponsorsrequest.md
  - docs/models/member.md
  - docs/models/memberdetail.md
  - docs/models/membererror.md
  - docs/models/membertype.md
  - docs/models/organization.md
  - docs/models/organizationdetail.md
  - docs/models/organizationerror.md
  - docs/models/pagedchapter.md
  - docs/models/pagedcommittee.md
  - docs/models/pagedevent.md
  - docs/models/pagedissue.md
  - docs/models/pagedmember.md
  - docs/models/pagedorganization.md
  - docs/models/pagedproject.md
  - docs/models/pagedrelease.md
  - docs/models/pagedrepository.md
  - docs/models/pagedsponsor.md
  - docs/models/project.md
  - docs/models/projectdetail.md
  - docs/models/projecterror.md
  - docs/models/projectlevel.md
  - docs/models/release.md
  - docs/models/releasedetail.md
  - docs/models/releaseerror.md
  - docs/models/repository.md
  - docs/models/repositorydetail.md
  - docs/models/repositoryerror.md
  - docs/models/security.md
  - docs/models/sponsor.md
  - docs/models/sponsordetail.md
  - docs/models/sponsorerror.md
  - docs/models/state.md
  - docs/models/utils/retryconfig.md
  - docs/sdks/chapters/README.md
  - docs/sdks/committees/README.md
  - docs/sdks/community/README.md
  - docs/sdks/events/README.md
  - docs/sdks/issues/README.md
  - docs/sdks/nest/README.md
  - docs/sdks/projects/README.md
  - docs/sdks/releases/README.md
  - docs/sdks/repositories/README.md
  - docs/sdks/sponsors/README.md
  - py.typed
  - pylintrc
  - pyproject.toml
  - scripts/prepare_readme.py
  - scripts/publish.sh
  - src/owasp_nest/__init__.py
  - src/owasp_nest/_hooks/__init__.py
  - src/owasp_nest/_hooks/sdkhooks.py
  - src/owasp_nest/_hooks/types.py
  - src/owasp_nest/_version.py
  - src/owasp_nest/basesdk.py
  - src/owasp_nest/chapters.py
  - src/owasp_nest/committees.py
  - src/owasp_nest/community.py
  - src/owasp_nest/events.py
  - src/owasp_nest/httpclient.py
  - src/owasp_nest/issues.py
  - src/owasp_nest/models/__init__.py
  - src/owasp_nest/models/chapter.py
  - src/owasp_nest/models/chapterdetail.py
  - src/owasp_nest/models/chaptererror.py
  - src/owasp_nest/models/committee.py
  - src/owasp_nest/models/committeedetail.py
  - src/owasp_nest/models/committeeerror.py
  - src/owasp_nest/models/event.py
  - src/owasp_nest/models/eventdetail.py
  - src/owasp_nest/models/eventerror.py
  - src/owasp_nest/models/get_chapterop.py
  - src/owasp_nest/models/get_committeeop.py
  - src/owasp_nest/models/get_eventop.py
  - src/owasp_nest/models/get_issueop.py
  - src/owasp_nest/models/get_memberop.py
  - src/owasp_nest/models/get_organizationop.py
  - src/owasp_nest/models/get_projectop.py
  - src/owasp_nest/models/get_releaseop.py
  - src/owasp_nest/models/get_repositoryop.py
  - src/owasp_nest/models/get_sponsorop.py
  - src/owasp_nest/models/issue.py
  - src/owasp_nest/models/issuedetail.py
  - src/owasp_nest/models/issueerror.py
  - src/owasp_nest/models/list_chaptersop.py
  - src/owasp_nest/models/list_committeesop.py
  - src/owasp_nest/models/list_eventsop.py
  - src/owasp_nest/models/list_issuesop.py
  - src/owasp_nest/models/list_membersop.py
  - src/owasp_nest/models/list_organizationsop.py
  - src/owasp_nest/models/list_projectsop.py
  - src/owasp_nest/models/list_releasesop.py
  - src/owasp_nest/models/list_repositoriesop.py
  - src/owasp_nest/models/list_sponsorsop.py
  - src/owasp_nest/models/member.py
  - src/owasp_nest/models/memberdetail.py
  - src/owasp_nest/models/membererror.py
  - src/owasp_nest/models/membertype.py
  - src/owasp_nest/models/nestapierror.py
  - src/owasp_nest/models/nesterror.py
  - src/owasp_nest/models/no_response_error.py
  - src/owasp_nest/models/organization.py
  - src/owasp_nest/models/organizationdetail.py
  - src/owasp_nest/models/organizationerror.py
  - src/owasp_nest/models/pagedchapter.py
  - src/owasp_nest/models/pagedcommittee.py
  - src/owasp_nest/models/pagedevent.py
  - src/owasp_nest/models/pagedissue.py
  - src/owasp_nest/models/pagedmember.py
  - src/owasp_nest/models/pagedorganization.py
  - src/owasp_nest/models/pagedproject.py
  - src/owasp_nest/models/pagedrelease.py
  - src/owasp_nest/models/pagedrepository.py
  - src/owasp_nest/models/pagedsponsor.py
  - src/owasp_nest/models/project.py
  - src/owasp_nest/models/projectdetail.py
  - src/owasp_nest/models/projecterror.py
  - src/owasp_nest/models/projectlevel.py
  - src/owasp_nest/models/release.py
  - src/owasp_nest/models/releasedetail.py
  - src/owasp_nest/models/releaseerror.py
  - src/owasp_nest/models/repository.py
  - src/owasp_nest/models/repositorydetail.py
  - src/owasp_nest/models/repositoryerror.py
  - src/owasp_nest/models/responsevalidationerror.py
  - src/owasp_nest/models/security.py
  - src/owasp_nest/models/sponsor.py
  - src/owasp_nest/models/sponsordetail.py
  - src/owasp_nest/models/sponsorerror.py
  - src/owasp_nest/models/state.py
  - src/owasp_nest/projects.py
  - src/owasp_nest/py.typed
  - src/owasp_nest/releases.py
  - src/owasp_nest/repositories.py
  - src/owasp_nest/sdk.py
  - src/owasp_nest/sdkconfiguration.py
  - src/owasp_nest/sponsors.py
  - src/owasp_nest/types/__init__.py
  - src/owasp_nest/types/basemodel.py
  - src/owasp_nest/utils/__init__.py
  - src/owasp_nest/utils/annotations.py
  - src/owasp_nest/utils/datetimes.py
  - src/owasp_nest/utils/enums.py
  - src/owasp_nest/utils/eventstreaming.py
  - src/owasp_nest/utils/forms.py
  - src/owasp_nest/utils/headers.py
  - src/owasp_nest/utils/logger.py
  - src/owasp_nest/utils/metadata.py
  - src/owasp_nest/utils/queryparams.py
  - src/owasp_nest/utils/requestbodies.py
  - src/owasp_nest/utils/retries.py
  - src/owasp_nest/utils/security.py
  - src/owasp_nest/utils/serializers.py
  - src/owasp_nest/utils/unmarshal_json_response.py
  - src/owasp_nest/utils/url.py
  - src/owasp_nest/utils/values.py
examples:
  list_chapters:
    speakeasy-default-list-chapters:
      parameters:
        query:
          country: "India"
          region: "Asia"
          page: 1
          page_size: 100
      responses:
        "200":
          application/json: {"current_page": 816774, "has_next": false, "has_previous": false, "items": [{"created_at": "2025-04-17T12:05:02.463Z", "key": "<key>", "name": "<value>", "updated_at": "2023-05-06T16:21:25.155Z"}], "total_count": 114673, "total_pages": 769051}
  list_committees:
    speakeasy-default-list-committees:
      parameters:
        query:
          page: 1
          page_size: 100
      responses:
        "200":
          application/json: {"current_page": 742813, "has_next": false, "has_previous": false, "items": [{"created_at": "2025-03-16T20:29:18.773Z", "key": "<key>", "name": "<value>", "updated_at": "2023-06-13T22:21:50.847Z"}], "total_count": 133051, "total_pages": 849699}
  list_events:
    speakeasy-default-list-events:
      parameters:
        query:
          page: 1
          page_size: 100
      responses:
        "200":
          application/json: {"current_page": 106909, "has_next": false, "has_previous": true, "items": [], "total_count": 286372, "total_pages": 191713}
  list_projects:
    speakeasy-default-list-projects:
      parameters:
        query:
          page: 1
          ordering: "-created_at"
          page_size: 100
      responses:
        "200":
          application/json: {"current_page": 114958, "has_next": false, "has_previous": false, "items": [], "total_count": 161835, "total_pages": 836183}
  list_issues:
    speakeasy-default-list-issues:
      parameters:
        query:
          page: 1
          organization: "OWASP"
          repository: "Nest"
          page_size: 100
      responses:
        "200":
          application/json: {"current_page": 951229, "has_next": false, "has_previous": false, "items": [{"created_at": "2025-07-18T12:46:15.645Z", "state": "closed", "title": "<value>", "updated_at": "2023-02-19T06:46:47.973Z", "url": "https://victorious-glider.info"}], "total_count": 44965, "total_pages": 988954}
  list_labels:
    speakeasy-default-list-labels:
      parameters:
        query:
          color: "d93f0b"
          page: 1
      responses:
        "200":
          application/json: {"items": [], "count": 860276}
  list_organizations:
    speakeasy-default-list-organizations:
      parameters:
        query:
          location: "United States of America"
          page: 1
          page_size: 100
      responses:
        "200":
          application/json: {"current_page": 991769, "has_next": false, "has_previous": true, "items": [{"created_at": "2025-12-31T23:31:01.740Z", "login": "Rosina11", "name": "<value>", "updated_at": "2024-09-05T17:30:42.265Z"}], "total_count": 734125, "total_pages": 999982}
  list_releases:
    speakeasy-default-list-releases:
      parameters:
        query:
          tag_name: "0.2.10"
          page: 1
          organization: "OWASP"
          repository: "Nest"
          page_size: 100
      responses:
        "200":
          application/json: {"current_page": 44000, "has_next": false, "has_previous": false, "items": [], "total_count": 929674, "total_pages": 152001}
  list_repositories:
    speakeasy-default-list-repositories:
      parameters:
        query:
          page: 1
          organization_id: "OWASP"
          page_size: 100
      responses:
        "200":
          application/json: {"current_page": 189078, "has_next": true, "has_previous": true, "items": [], "total_count": 519035, "total_pages": 490901}
  list_users:
    speakeasy-default-list-users:
      parameters:
        query:
          location: "India"
          page: 1
      responses:
        "200":
          application/json: {"items": [{"avatar_url": "https://anguished-bakeware.name/", "bio": "<value>", "company": "Fritsch Group", "created_at": "2024-06-03T21:01:44.588Z", "email": "Elouise.McCullough@hotmail.com", "followers_count": 282009, "following_count": 160322, "location": "<value>", "login": "Ophelia.Stroman27", "name": "<value>", "public_repositories_count": 380109, "title": "<value>", "twitter_username": "<value>", "updated_at": "2025-06-26T06:28:35.999Z", "url": "https://svelte-puritan.name/"}], "count": 506301}
  get_user:
    speakeasy-default-get-user:
      parameters:
        path:
          login: "Enos13"
      responses:
        "200":
          application/json: {"avatar_url": "https://bulky-embossing.com/", "bio": "<value>", "company": "Jacobs, Bogisich and Lynch", "created_at": "2025-01-22T05:16:45.510Z", "email": "Abraham_Pacocha@yahoo.com", "followers_count": 685134, "following_count": 653740, "location": "<value>", "login": "Jessika_Keebler17", "name": "<value>", "public_repositories_count": 821696, "title": "<value>", "twitter_username": "<value>", "updated_at": "2023-05-16T02:39:59.458Z", "url": "https://international-adrenalin.biz/"}
        "404":
          application/json: {"message": "<value>"}
  settings_api_v1_api_root: {}
  get_chapter:
    speakeasy-default-get-chapter:
      parameters:
        path:
          key: "<key>"
          chapter_id: "London"
      responses:
        "200":
          application/json: {"created_at": "2024-10-15T07:48:29.830Z", "key": "<key>", "name": "<value>", "updated_at": "2023-12-24T21:08:33.483Z", "country": "Hungary", "region": "<value>"}
        "404":
          application/json: {"message": "<value>"}
  list_members:
    speakeasy-default-list-members:
      parameters:
        query:
          location: "India"
          page: 1
          page_size: 100
      responses:
        "200":
          application/json: {"current_page": 778300, "has_next": false, "has_previous": false, "items": [{"avatar_url": "https://noxious-promise.info", "created_at": "2023-10-11T15:28:15.365Z", "login": "Emie.Jenkins79", "name": "<value>", "updated_at": "2023-03-27T20:40:12.982Z", "url": "https://old-fashioned-provider.biz/"}], "total_count": 712133, "total_pages": 432343}
  get_member:
    speakeasy-default-get-member:
      parameters:
        path:
          login: "Stanton97"
          member_id: "OWASP"
      responses:
        "200":
          application/json: {"avatar_url": "https://winged-help.net", "created_at": "2024-03-25T14:53:31.200Z", "login": "Rodolfo.Lindgren", "name": "<value>", "updated_at": "2023-12-31T23:08:06.768Z", "url": "https://yummy-colon.org", "bio": "<value>", "company": "Jacobson and Sons", "followers_count": 877273, "following_count": 836968, "location": "<value>", "public_repositories_count": 289203, "title": "<value>", "twitter_username": "<value>"}
        "404":
          application/json: {"message": "<value>"}
  apps_api_rest_v0_chapter_list_chapters:
    speakeasy-default-apps-api-rest-v0-chapter-list-chapters:
      parameters:
        query:
          page: 1
      responses:
        "200":
          application/json: {"items": [], "count": 104082}
  apps_api_rest_v0_chapter_get_chapter:
    speakeasy-default-apps-api-rest-v0-chapter-get-chapter:
      parameters:
        path:
          chapter_id: "London"
      responses:
        "200":
          application/json: {"country": "French Polynesia", "created_at": "2025-04-04T14:07:52.262Z", "name": "<value>", "region": "<value>", "updated_at": "2023-07-30T12:52:51.415Z"}
        "404":
          application/json: {"message": "<value>"}
  apps_api_rest_v0_committee_get_chapter:
    speakeasy-default-apps-api-rest-v0-committee-get-chapter:
      parameters:
        path:
          committee_id: "project"
      responses:
        "200":
          application/json: {"name": "<value>", "description": "oh retention indeed scout", "created_at": "2024-10-07T07:24:06.407Z", "updated_at": "2023-10-07T05:35:11.479Z"}
        "404":
          application/json: {"message": "<value>"}
  apps_api_rest_v0_member_get_member:
    speakeasy-default-apps-api-rest-v0-member-get-member:
      parameters:
        path:
          member_id: "OWASP"
      responses:
        "200":
          application/json: {"avatar_url": "https://probable-monocle.info/", "bio": "<value>", "company": "Gusikowski, Lindgren and Hilpert", "created_at": "2025-06-10T06:12:59.037Z", "followers_count": 418981, "following_count": 880792, "location": "<value>", "login": "Percy.Corwin", "name": "<value>", "public_repositories_count": 996809, "title": "<value>", "twitter_username": "<value>", "updated_at": "2024-09-04T15:52:45.207Z", "url": "https://silent-comestible.name"}
        "404":
          application/json: {"message": "<value>"}
  apps_api_rest_v0_organization_list_organization:
    speakeasy-default-apps-api-rest-v0-organization-list-organization:
      parameters:
        query:
          location: "United States of America"
          page: 1
      responses:
        "200":
          application/json: {"items": [{"company": "Schulist - Corwin", "created_at": "2024-09-12T10:26:53.069Z", "location": "<value>", "login": "Gloria82", "name": "<value>", "updated_at": "2023-09-28T04:04:30.868Z"}], "count": 899186}
  apps_api_rest_v0_organization_get_organization:
    speakeasy-default-apps-api-rest-v0-organization-get-organization:
      parameters:
        path:
          organization_id: "OWASP"
      responses:
        "200":
          application/json: {"company": "Thompson, Muller and Greenfelder", "created_at": "2024-04-06T15:58:36.585Z", "location": "<value>", "login": "Krystel63", "name": "<value>", "updated_at": "2024-02-29T10:03:30.464Z"}
        "404":
          application/json: {"message": "<value>"}
  apps_api_rest_v0_event_list_events:
    speakeasy-default-apps-api-rest-v0-event-list-events:
      parameters:
        query:
          page: 1
      responses:
        "200":
          application/json: {"items": [], "count": 965062}
  apps_api_rest_v0_project_list_projects:
    speakeasy-default-apps-api-rest-v0-project-list-projects:
      parameters:
        query:
          ordering: "-created_at"
          page: 1
      responses:
        "200":
          application/json: {"items": [], "count": 976294}
  apps_api_rest_v0_project_get_project:
    speakeasy-default-apps-api-rest-v0-project-get-project:
      parameters:
        path:
          project_id: "Nest"
      responses:
        "200":
          application/json: {"created_at": "2025-02-01T21:38:47.314Z", "description": "astride hence easily", "level": "other", "name": "<value>", "updated_at": "2023-10-02T12:16:09.505Z"}
        "404":
          application/json: {"message": "<value>"}
  get_committee:
    speakeasy-default-get-committee:
      parameters:
        path:
          committee_id: "project"
      responses:
        "200":
          application/json: {"created_at": "2024-10-26T15:58:22.888Z", "key": "<key>", "name": "<value>", "updated_at": "2024-10-23T09:23:37.658Z", "description": "phew regal hoarse what tedious pharmacopoeia stealthily disadvantage emergent at"}
        "404":
          application/json: {"message": "<value>"}
  get_organization:
    speakeasy-default-get-organization:
      parameters:
        path:
          organization_id: "OWASP"
      responses:
        "200":
          application/json: {"created_at": "2025-12-12T04:28:03.547Z", "login": "Alessandra_Beer", "name": "<value>", "updated_at": "2023-07-11T13:29:35.567Z", "company": "Padberg - Hettinger", "location": "<value>"}
        "404":
          application/json: {"message": "<value>"}
  get_project:
    speakeasy-default-get-project:
      parameters:
        path:
          project_id: "Nest"
      responses:
        "200":
          application/json: {"created_at": "2023-03-06T09:23:19.829Z", "key": "<key>", "level": "lab", "name": "<value>", "updated_at": "2023-12-06T04:15:58.999Z", "description": "since limply gah consequently ugh petticoat wholly possible"}
        "404":
          application/json: {"message": "<value>"}
  list_sponsors:
    speakeasy-default-list-sponsors:
      parameters:
        query:
          sponsor_type: "Silver"
          page: 1
          page_size: 100
      responses:
        "200":
          application/json: {"current_page": 515427, "has_next": true, "has_previous": false, "items": [{"image_url": "https://discrete-intervention.org/", "key": "<key>", "name": "<value>", "sponsor_type": "<value>", "url": "https://crafty-settler.biz"}], "total_count": 116871, "total_pages": 461791}
  get_sponsor:
    speakeasy-default-get-sponsor:
      parameters:
        path:
          sponsor_key: "adobe"
          sponsor_id: "adobe"
      responses:
        "200":
          application/json: {"image_url": "https://enlightened-hunger.info", "key": "<key>", "name": "<value>", "sponsor_type": "<value>", "url": "https://red-horde.net", "description": "freely blissfully ultimate huzzah instead along sometimes whale asset", "is_member": false, "job_url": "https://every-horde.com", "member_type": "<value>"}
        "404":
          application/json: {"message": "<value>"}
  get_event:
    speakeasy-default-get-event:
      parameters:
        path:
          event_id: "owasp-global-appsec-usa-2025-washington-dc"
      responses:
        "200":
          application/json: {"key": "<key>", "name": "<value>", "start_date": "2025-03-27T08:42:01.834Z"}
        "404":
          application/json: {"message": "<value>"}
  get_issue:
    speakeasy-default-get-issue:
      parameters:
        path:
          organization_id: "OWASP"
          repository_id: "Nest"
          issue_id: 1234
      responses:
        "200":
          application/json: {"created_at": "2023-01-06T05:13:46.833Z", "state": "closed", "title": "<value>", "updated_at": "2025-07-15T09:16:08.428Z", "url": "https://unaware-intent.net/", "body": "<value>"}
        "404":
          application/json: {"message": "<value>"}
  get_release:
    speakeasy-default-get-release:
      parameters:
        path:
          organization_id: "OWASP"
          repository_id: "Nest"
          release_id: "0.2.10"
      responses:
        "200":
          application/json: {"created_at": "2023-02-28T19:12:54.485Z", "name": "<value>", "tag_name": "<value>", "description": "zowie beside endow ah"}
        "404":
          application/json: {"message": "<value>"}
  get_repository:
    speakeasy-default-get-repository:
      parameters:
        path:
          organization_id: "OWASP"
          repository_id: "Nest"
      responses:
        "200":
          application/json: {"created_at": "2023-06-15T20:38:08.250Z", "name": "<value>", "updated_at": "2024-06-04T00:23:47.329Z"}
        "404":
          application/json: {"message": "<value>"}
examplesVersion: 1.0.2
releaseNotes: "## Python SDK Changes Detected:\n* `nest.community.list_members()`: \n  *  `request.page_size` **Changed** **Breaking** :warning:\n  *  `response` **Changed** **Breaking** :warning:\n* `nest.issues.list_issues()`: \n  *  `request` **Changed** **Breaking** :warning:\n  *  `response` **Changed** **Breaking** :warning:\n* `nest.sponsors.get_sponsor()`:  `request` **Changed** **Breaking** :warning:\n* `nest.sponsors.list_sponsors()`: \n  *  `request.page_size` **Changed** **Breaking** :warning:\n  *  `response` **Changed** **Breaking** :warning:\n* `nest.chapters.list_chapters()`: \n  *  `request` **Changed** **Breaking** :warning:\n  *  `response` **Changed** **Breaking** :warning:\n* `nest.repositories.list_repositories()`: \n  *  `request` **Changed** **Breaking** :warning:\n  *  `response` **Changed** **Breaking** :warning:\n* `nest.committees.list_committees()`: \n  *  `request.page_size` **Changed** **Breaking** :warning:\n  *  `response` **Changed** **Breaking** :warning:\n* `nest.releases.list_releases()`: \n  *  `request` **Changed** **Breaking** :warning:\n  *  `response` **Changed** **Breaking** :warning:\n* `nest.projects.list_projects()`: \n  *  `request.page_size` **Changed** **Breaking** :warning:\n  *  `response` **Changed** **Breaking** :warning:\n* `nest.events.list_events()`: \n  *  `request.page_size` **Changed** **Breaking** :warning:\n  *  `response` **Changed** **Breaking** :warning:\n* `nest.community.list_organizations()`: \n  *  `request.page_size` **Changed** **Breaking** :warning:\n  *  `response` **Changed** **Breaking** :warning:\n* `nest.chapters.get_chapter()`:  `response.key` **Added**\n* `nest.issues.get_issue()`: **Added**\n* `nest.projects.get_project()`:  `response.key` **Added**\n* `nest.committees.get_committee()`:  `response.key` **Added**\n* `nest.events.get_event()`: **Added**\n* `nest.repositories.get_repository()`: **Added**\n* `nest.releases.get_release()`: **Added**\n"
