speakeasyVersion: 1.637.0
sources:
    nest-openapi:
        sourceNamespace: python-sdk
        sourceRevisionDigest: sha256:386530156775636daf813845c109616bb4d9384e9808ca10c4ff6de1da117385
        sourceBlobDigest: sha256:f949595e3e4d41460a7a31188facdcdb930f0d0d2ee90a1b0ea1dae0e7952097
        tags:
            - latest
            - speakeasy-sdk-regen-1760747477
            - 0.2.5
targets:
    nest-api:
        source: nest-openapi
        sourceNamespace: python-sdk
        sourceRevisionDigest: sha256:1b934a74d9d9e15c6aa606b153c0481afcb554e668c2815b60a7e4c063e32b71
        sourceBlobDigest: sha256:6779161ad0f111ce135b6291c9f84e90d80a31fd80a98a576e4aa71151989144
        codeSamplesNamespace: python-code-samples
        codeSamplesRevisionDigest: sha256:96834e2760512d68b2b26fb400c4c2b8e397f36dda2d2f190b5ab7f0f592ab89
    nest-sdk-python:
        source: nest-openapi
        sourceNamespace: python-sdk
        sourceRevisionDigest: sha256:386530156775636daf813845c109616bb4d9384e9808ca10c4ff6de1da117385
        sourceBlobDigest: sha256:f949595e3e4d41460a7a31188facdcdb930f0d0d2ee90a1b0ea1dae0e7952097
        codeSamplesNamespace: python-code-samples
        codeSamplesRevisionDigest: sha256:0e9dd73de2b79013b1b39130b1b40e3b0fafd64e411769b7d45ec65822a3bc2c
workflow:
    workflowVersion: 1.0.0
    speakeasyVersion: latest
    sources:
        nest-openapi:
            inputs:
                - location: https://nest.owasp.dev/api/v0/openapi.json
            transformations:
                - removeUnused: true
            registry:
                location: registry.speakeasyapi.dev/owasp/nest/python-sdk
    targets:
        nest-sdk-python:
            target: python
            source: nest-openapi
            output: .
            publish:
                pypi:
                    token: $pypi_token
            codeSamples:
                registry:
                    location: registry.speakeasyapi.dev/owasp/nest/python-code-samples
                blocking: false
