speakeasyVersion: 1.680.12
sources:
    nest-openapi:
        sourceNamespace: python-sdk
        sourceRevisionDigest: sha256:1ec8b5202117c9fab033b9e860db0c29e3a3bc583b8d16f38d0600f994596686
        sourceBlobDigest: sha256:143881682a7f254e0910541f26427e13242d4cf68f6c5a09e4b07742eaac668f
        tags:
            - latest
            - speakeasy-sdk-regen-1767573730
            - 0.3.6
targets:
    nest-api:
        source: nest-openapi
        sourceNamespace: python-sdk
        sourceRevisionDigest: sha256:1b934a74d9d9e15c6aa606b153c0481afcb554e668c2815b60a7e4c063e32b71
        sourceBlobDigest: sha256:6779161ad0f111ce135b6291c9f84e90d80a31fd80a98a576e4aa71151989144
        codeSamplesNamespace: python-code-samples
        codeSamplesRevisionDigest: sha256:96834e2760512d68b2b26fb400c4c2b8e397f36dda2d2f190b5ab7f0f592ab89
    nest-sdk-python:
        source: nest-openapi
        sourceNamespace: python-sdk
        sourceRevisionDigest: sha256:1ec8b5202117c9fab033b9e860db0c29e3a3bc583b8d16f38d0600f994596686
        sourceBlobDigest: sha256:143881682a7f254e0910541f26427e13242d4cf68f6c5a09e4b07742eaac668f
        codeSamplesNamespace: python-code-samples
        codeSamplesRevisionDigest: sha256:7fd55e0ebc1e8b2270743b5aa79d8ebee70911bb284f477ee405403ca4650add
workflow:
    workflowVersion: 1.0.0
    speakeasyVersion: latest
    sources:
        nest-openapi:
            inputs:
                - location: https://nest.owasp.org/api/v0/openapi.json
            transformations:
                - removeUnused: true
            registry:
                location: registry.speakeasyapi.dev/owasp/nest/python-sdk
    targets:
        nest-sdk-python:
            target: python
            source: nest-openapi
            output: .
            publish:
                pypi:
                    token: $pypi_token
            codeSamples:
                registry:
                    location: registry.speakeasyapi.dev/owasp/nest/python-code-samples
                blocking: false
