speakeasyVersion: 1.605.1
sources:
    nest-openapi:
        sourceNamespace: python-sdk
        sourceRevisionDigest: sha256:bb5217cb8d9038d4f2c6c1536fed292dd9942c99d50e8540762613efc1f716d2
        sourceBlobDigest: sha256:a656aa8dd86a9fd4cb915f14c5a64473a1ce996311a138d25f195fb7aab6441b
        tags:
            - latest
            - speakeasy-sdk-regen-1755476074
            - 1.0.0
targets:
    nest-api:
        source: nest-openapi
        sourceNamespace: python-sdk
        sourceRevisionDigest: sha256:bb5217cb8d9038d4f2c6c1536fed292dd9942c99d50e8540762613efc1f716d2
        sourceBlobDigest: sha256:a656aa8dd86a9fd4cb915f14c5a64473a1ce996311a138d25f195fb7aab6441b
        codeSamplesNamespace: python-code-samples
        codeSamplesRevisionDigest: sha256:6700580e78449e49b8adbc9621972a9df8fdf50cf69d61b532923e9d6500d359
workflow:
    workflowVersion: 1.0.0
    speakeasyVersion: latest
    sources:
        nest-openapi:
            inputs:
                - location: https://nest.owasp.org/api/v1/openapi.json
            transformations:
                - removeUnused: true
            registry:
                location: registry.speakeasyapi.dev/owasp/nest/python-sdk
    targets:
        nest-api:
            target: python
            source: nest-openapi
            output: .
            publish:
                pypi:
                    token: $pypi_token
            codeSamples:
                registry:
                    location: registry.speakeasyapi.dev/owasp/nest/python-code-samples
                blocking: false
